// !$*UTF8*$!
{
	archiveVersion = 1;
	classes = {
	};
	objectVersion = 50;
	objects = {

/* Begin PBXBuildFile section */
		6D0311F75D9BDC018D4FB058 /* Pods_Todoew.framework in Frameworks */ = {isa = PBXBuildFile; fileRef = F4B2B7DF4CB18D840AA1F7D7 /* Pods_Todoew.framework */; };
		7A9812C621BE456F00385121 /* AppDelegate.swift in Sources */ = {isa = PBXBuildFile; fileRef = 7A9812C521BE456F00385121 /* AppDelegate.swift */; };
		7A9812CB21BE456F00385121 /* Main.storyboard in Resources */ = {isa = PBXBuildFile; fileRef = 7A9812C921BE456F00385121 /* Main.storyboard */; };
		7A9812CD21BE456F00385121 /* Assets.xcassets in Resources */ = {isa = PBXBuildFile; fileRef = 7A9812CC21BE456F00385121 /* Assets.xcassets */; };
		7A9812D021BE456F00385121 /* LaunchScreen.storyboard in Resources */ = {isa = PBXBuildFile; fileRef = 7A9812CE21BE456F00385121 /* LaunchScreen.storyboard */; };
		7A9812D821BE475A00385121 /* TableViewController.swift in Sources */ = {isa = PBXBuildFile; fileRef = 7A9812D721BE475A00385121 /* TableViewController.swift */; };
		7AA0F89B21CF6F1D0022C5CB /* Item.swift in Sources */ = {isa = PBXBuildFile; fileRef = 7AA0F89A21CF6F1D0022C5CB /* Item.swift */; };
		7AA0F89D21CF6F420022C5CB /* Category.swift in Sources */ = {isa = PBXBuildFile; fileRef = 7AA0F89C21CF6F420022C5CB /* Category.swift */; };
		7AB79A4421C7974400F5BB06 /* CategoryViewController.swift in Sources */ = {isa = PBXBuildFile; fileRef = 7AB79A4321C7974400F5BB06 /* CategoryViewController.swift */; };
/* End PBXBuildFile section */

/* Begin PBXFileReference section */
		7A9812C221BE456F00385121 /* Todoew.app */ = {isa = PBXFileReference; explicitFileType = wrapper.application; includeInIndex = 0; path = Todoew.app; sourceTree = BUILT_PRODUCTS_DIR; };
		7A9812C521BE456F00385121 /* AppDelegate.swift */ = {isa = PBXFileReference; lastKnownFileType = sourcecode.swift; path = AppDelegate.swift; sourceTree = "<group>"; };
		7A9812CA21BE456F00385121 /* Base */ = {isa = PBXFileReference; lastKnownFileType = file.storyboard; name = Base; path = Base.lproj/Main.storyboard; sourceTree = "<group>"; };
		7A9812CC21BE456F00385121 /* Assets.xcassets */ = {isa = PBXFileReference; lastKnownFileType = folder.assetcatalog; path = Assets.xcassets; sourceTree = "<group>"; };
		7A9812CF21BE456F00385121 /* Base */ = {isa = PBXFileReference; lastKnownFileType = file.storyboard; name = Base; path = Base.lproj/LaunchScreen.storyboard; sourceTree = "<group>"; };
		7A9812D121BE456F00385121 /* Info.plist */ = {isa = PBXFileReference; lastKnownFileType = text.plist.xml; path = Info.plist; sourceTree = "<group>"; };
		7A9812D721BE475A00385121 /* TableViewController.swift */ = {isa = PBXFileReference; lastKnownFileType = sourcecode.swift; path = TableViewController.swift; sourceTree = "<group>"; };
		7AA0F89A21CF6F1D0022C5CB /* Item.swift */ = {isa = PBXFileReference; lastKnownFileType = sourcecode.swift; path = Item.swift; sourceTree = "<group>"; };
		7AA0F89C21CF6F420022C5CB /* Category.swift */ = {isa = PBXFileReference; lastKnownFileType = sourcecode.swift; path = Category.swift; sourceTree = "<group>"; };
		7AB79A4321C7974400F5BB06 /* CategoryViewController.swift */ = {isa = PBXFileReference; lastKnownFileType = sourcecode.swift; path = CategoryViewController.swift; sourceTree = "<group>"; };
		7EDD7DD9547CDDE0834B3A8A /* Pods-Todoew.debug.xcconfig */ = {isa = PBXFileReference; includeInIndex = 1; lastKnownFileType = text.xcconfig; name = "Pods-Todoew.debug.xcconfig"; path = "Pods/Target Support Files/Pods-Todoew/Pods-Todoew.debug.xcconfig"; sourceTree = "<group>"; };
		BFB27D781183F967BC38293B /* Pods-Todoew.release.xcconfig */ = {isa = PBXFileReference; includeInIndex = 1; lastKnownFileType = text.xcconfig; name = "Pods-Todoew.release.xcconfig"; path = "Pods/Target Support Files/Pods-Todoew/Pods-Todoew.release.xcconfig"; sourceTree = "<group>"; };
		F4B2B7DF4CB18D840AA1F7D7 /* Pods_Todoew.framework */ = {isa = PBXFileReference; explicitFileType = wrapper.framework; includeInIndex = 0; path = Pods_Todoew.framework; sourceTree = BUILT_PRODUCTS_DIR; };
/* End PBXFileReference section */

/* Begin PBXFrameworksBuildPhase section */
		7A9812BF21BE456F00385121 /* Frameworks */ = {
			isa = PBXFrameworksBuildPhase;
			buildActionMask = 2147483647;
			files = (
				6D0311F75D9BDC018D4FB058 /* Pods_Todoew.framework in Frameworks */,
			);
			runOnlyForDeploymentPostprocessing = 0;
		};
/* End PBXFrameworksBuildPhase section */

/* Begin PBXGroup section */
		7A9812B921BE456F00385121 = {
			isa = PBXGroup;
			children = (
				7A9812C421BE456F00385121 /* Todoew */,
				7A9812C321BE456F00385121 /* Products */,
				ABFB92C9400638A6DA783F88 /* Pods */,
				8E0B1E91083E9426974CDCF2 /* Frameworks */,
			);
			sourceTree = "<group>";
		};
		7A9812C321BE456F00385121 /* Products */ = {
			isa = PBXGroup;
			children = (
				7A9812C221BE456F00385121 /* Todoew.app */,
			);
			name = Products;
			sourceTree = "<group>";
		};
		7A9812C421BE456F00385121 /* Todoew */ = {
			isa = PBXGroup;
			children = (
				7A9812C521BE456F00385121 /* AppDelegate.swift */,
				7AA18B3D21C23DDB00D5C345 /* Controllers */,
				7AA18B3E21C23DEE00D5C345 /* Data Models */,
				7AA18B3F21C23E2F00D5C345 /* View */,
				7AA18B4021C23E3B00D5C345 /* Supporting Files */,
				7A9812D121BE456F00385121 /* Info.plist */,
			);
			path = Todoew;
			sourceTree = "<group>";
		};
		7AA18B3D21C23DDB00D5C345 /* Controllers */ = {
			isa = PBXGroup;
			children = (
				7AB79A4321C7974400F5BB06 /* CategoryViewController.swift */,
				7A9812D721BE475A00385121 /* TableViewController.swift */,
			);
			path = Controllers;
			sourceTree = "<group>";
		};
		7AA18B3E21C23DEE00D5C345 /* Data Models */ = {
			isa = PBXGroup;
			children = (
				7AA0F89C21CF6F420022C5CB /* Category.swift */,
				7AA0F89A21CF6F1D0022C5CB /* Item.swift */,
			);
			path = "Data Models";
			sourceTree = "<group>";
		};
		7AA18B3F21C23E2F00D5C345 /* View */ = {
			isa = PBXGroup;
			children = (
				7A9812C921BE456F00385121 /* Main.storyboard */,
			);
			path = View;
			sourceTree = "<group>";
		};
		7AA18B4021C23E3B00D5C345 /* Supporting Files */ = {
			isa = PBXGroup;
			children = (
				7A9812CC21BE456F00385121 /* Assets.xcassets */,
				7A9812CE21BE456F00385121 /* LaunchScreen.storyboard */,
			);
			path = "Supporting Files";
			sourceTree = "<group>";
		};
		8E0B1E91083E9426974CDCF2 /* Frameworks */ = {
			isa = PBXGroup;
			children = (
				F4B2B7DF4CB18D840AA1F7D7 /* Pods_Todoew.framework */,
			);
			name = Frameworks;
			sourceTree = "<group>";
		};
		ABFB92C9400638A6DA783F88 /* Pods */ = {
			isa = PBXGroup;
			children = (
				7EDD7DD9547CDDE0834B3A8A /* Pods-Todoew.debug.xcconfig */,
				BFB27D781183F967BC38293B /* Pods-Todoew.release.xcconfig */,
			);
			name = Pods;
			sourceTree = "<group>";
		};
/* End PBXGroup section */

/* Begin PBXNativeTarget section */
		7A9812C121BE456F00385121 /* Todoew */ = {
			isa = PBXNativeTarget;
			buildConfigurationList = 7A9812D421BE456F00385121 /* Build configuration list for PBXNativeTarget "Todoew" */;
			buildPhases = (
				9198464243AF67D1C60E64D7 /* [CP] Check Pods Manifest.lock */,
				7A9812BE21BE456F00385121 /* Sources */,
				7A9812BF21BE456F00385121 /* Frameworks */,
				7A9812C021BE456F00385121 /* Resources */,
				45C418FC77D0645E275FDE4D /* [CP] Embed Pods Frameworks */,
			);
			buildRules = (
			);
			dependencies = (
			);
			name = Todoew;
			productName = Todoew;
			productReference = 7A9812C221BE456F00385121 /* Todoew.app */;
			productType = "com.apple.product-type.application";
		};
/* End PBXNativeTarget section */

/* Begin PBXProject section */
		7A9812BA21BE456F00385121 /* Project object */ = {
			isa = PBXProject;
			attributes = {
				LastSwiftUpdateCheck = 1010;
				LastUpgradeCheck = 1010;
				ORGANIZATIONNAME = "Ehsan Emami";
				TargetAttributes = {
					7A9812C121BE456F00385121 = {
						CreatedOnToolsVersion = 10.1;
					};
				};
			};
			buildConfigurationList = 7A9812BD21BE456F00385121 /* Build configuration list for PBXProject "Todoew" */;
			compatibilityVersion = "Xcode 9.3";
			developmentRegion = en;
			hasScannedForEncodings = 0;
			knownRegions = (
				en,
				Base,
			);
			mainGroup = 7A9812B921BE456F00385121;
			productRefGroup = 7A9812C321BE456F00385121 /* Products */;
			projectDirPath = "";
			projectRoot = "";
			targets = (
				7A9812C121BE456F00385121 /* Todoew */,
			);
		};
/* End PBXProject section */

/* Begin PBXResourcesBuildPhase section */
		7A9812C021BE456F00385121 /* Resources */ = {
			isa = PBXResourcesBuildPhase;
			buildActionMask = 2147483647;
			files = (
				7A9812D021BE456F00385121 /* LaunchScreen.storyboard in Resources */,
				7A9812CD21BE456F00385121 /* Assets.xcassets in Resources */,
				7A9812CB21BE456F00385121 /* Main.storyboard in Resources */,
			);
			runOnlyForDeploymentPostprocessing = 0;
		};
/* End PBXResourcesBuildPhase section */

/* Begin PBXShellScriptBuildPhase section */
		45C418FC77D0645E275FDE4D /* [CP] Embed Pods Frameworks */ = {
			isa = PBXShellScriptBuildPhase;
			buildActionMask = 2147483647;
			files = (
			);
			inputFileListPaths = (
			);
			inputPaths = (
				"${SRCROOT}/Pods/Target Support Files/Pods-Todoew/Pods-Todoew-frameworks.sh",
				"${BUILT_PRODUCTS_DIR}/Realm/Realm.framework",
				"${BUILT_PRODUCTS_DIR}/RealmSwift/RealmSwift.framework",
			);
			name = "[CP] Embed Pods Frameworks";
			outputFileListPaths = (
			);
			outputPaths = (
				"${TARGET_BUILD_DIR}/${FRAMEWORKS_FOLDER_PATH}/Realm.framework",
				"${TARGET_BUILD_DIR}/${FRAMEWORKS_FOLDER_PATH}/RealmSwift.framework",
			);
			runOnlyForDeploymentPostprocessing = 0;
			shellPath = /bin/sh;
			shellScript = "\"${SRCROOT}/Pods/Target Support Files/Pods-Todoew/Pods-Todoew-frameworks.sh\"\n";
			showEnvVarsInLog = 0;
		};
		9198464243AF67D1C60E64D7 /* [CP] Check Pods Manifest.lock */ = {
			isa = PBXShellScriptBuildPhase;
			buildActionMask = 2147483647;
			files = (
			);
			inputFileListPaths = (
			);
			inputPaths = (
				"${PODS_PODFILE_DIR_PATH}/Podfile.lock",
				"${PODS_ROOT}/Manifest.lock",
			);
			name = "[CP] Check Pods Manifest.lock";
			outputFileListPaths = (
			);
			outputPaths = (
				"$(DERIVED_FILE_DIR)/Pods-Todoew-checkManifestLockResult.txt",
			);
			runOnlyForDeploymentPostprocessing = 0;
			shellPath = /bin/sh;
			shellScript = "diff \"${PODS_PODFILE_DIR_PATH}/Podfile.lock\" \"${PODS_ROOT}/Manifest.lock\" > /dev/null\nif [ $? != 0 ] ; then\n    # print error to STDERR\n    echo \"error: The sandbox is not in sync with the Podfile.lock. Run 'pod install' or update your CocoaPods installation.\" >&2\n    exit 1\nfi\n# This output is used by Xcode 'outputs' to avoid re-running this script phase.\necho \"SUCCESS\" > \"${SCRIPT_OUTPUT_FILE_0}\"\n";
			showEnvVarsInLog = 0;
		};
/* End PBXShellScriptBuildPhase section */

/* Begin PBXSourcesBuildPhase section */
		7A9812BE21BE456F00385121 /* Sources */ = {
			isa = PBXSourcesBuildPhase;
			buildActionMask = 2147483647;
			files = (
				7AB79A4421C7974400F5BB06 /* CategoryViewController.swift in Sources */,
				7AA0F89B21CF6F1D0022C5CB /* Item.swift in Sources */,
				7A9812D821BE475A00385121 /* TableViewController.swift in Sources */,
				7A9812C621BE456F00385121 /* AppDelegate.swift in Sources */,
				7AA0F89D21CF6F420022C5CB /* Category.swift in Sources */,
			);
			runOnlyForDeploymentPostprocessing = 0;
		};
/* End PBXSourcesBuildPhase section */

/* Begin PBXVariantGroup section */
		7A9812C921BE456F00385121 /* Main.storyboard */ = {
			isa = PBXVariantGroup;
			children = (
				7A9812CA21BE456F00385121 /* Base */,
			);
			name = Main.storyboard;
			sourceTree = "<group>";
		};
		7A9812CE21BE456F00385121 /* LaunchScreen.storyboard */ = {
			isa = PBXVariantGroup;
			children = (
				7A9812CF21BE456F00385121 /* Base */,
			);
			name = LaunchScreen.storyboard;
			sourceTree = "<group>";
		};
/* End PBXVariantGroup section */

/* Begin XCBuildConfiguration section */
		7A9812D221BE456F00385121 /* Debug */ = {
			isa = XCBuildConfiguration;
			buildSettings = {
				ALWAYS_SEARCH_USER_PATHS = NO;
				CLANG_ANALYZER_NONNULL = YES;
				CLANG_ANALYZER_NUMBER_OBJECT_CONVERSION = YES_AGGRESSIVE;
				CLANG_CXX_LANGUAGE_STANDARD = "gnu++14";
				CLANG_CXX_LIBRARY = "libc++";
				CLANG_ENABLE_MODULES = YES;
				CLANG_ENABLE_OBJC_ARC = YES;
				CLANG_ENABLE_OBJC_WEAK = YES;
				CLANG_WARN_BLOCK_CAPTURE_AUTORELEASING = YES;
				CLANG_WARN_BOOL_CONVERSION = YES;
				CLANG_WARN_COMMA = YES;
				CLANG_WARN_CONSTANT_CONVERSION = YES;
				CLANG_WARN_DEPRECATED_OBJC_IMPLEMENTATIONS = YES;
				CLANG_WARN_DIRECT_OBJC_ISA_USAGE = YES_ERROR;
				CLANG_WARN_DOCUMENTATION_COMMENTS = YES;
				CLANG_WARN_EMPTY_BODY = YES;
				CLANG_WARN_ENUM_CONVERSION = YES;
				CLANG_WARN_INFINITE_RECURSION = YES;
				CLANG_WARN_INT_CONVERSION = YES;
				CLANG_WARN_NON_LITERAL_NULL_CONVERSION = YES;
				CLANG_WARN_OBJC_IMPLICIT_RETAIN_SELF = YES;
				CLANG_WARN_OBJC_LITERAL_CONVERSION = YES;
				CLANG_WARN_OBJC_ROOT_CLASS = YES_ERROR;
				CLANG_WARN_RANGE_LOOP_ANALYSIS = YES;
				CLANG_WARN_STRICT_PROTOTYPES = YES;
				CLANG_WARN_SUSPICIOUS_MOVE = YES;
				CLANG_WARN_UNGUARDED_AVAILABILITY = YES_AGGRESSIVE;
				CLANG_WARN_UNREACHABLE_CODE = YES;
				CLANG_WARN__DUPLICATE_METHOD_MATCH = YES;
				CODE_SIGN_IDENTITY = "iPhone Developer";
				COPY_PHASE_STRIP = NO;
				DEBUG_INFORMATION_FORMAT = dwarf;
				ENABLE_STRICT_OBJC_MSGSEND = YES;
				ENABLE_TESTABILITY = YES;
				GCC_C_LANGUAGE_STANDARD = gnu11;
				GCC_DYNAMIC_NO_PIC = NO;
				GCC_NO_COMMON_BLOCKS = YES;
				GCC_OPTIMIZATION_LEVEL = 0;
				GCC_PREPROCESSOR_DEFINITIONS = (
					"DEBUG=1",
					"$(inherited)",
				);
				GCC_WARN_64_TO_32_BIT_CONVERSION = YES;
				GCC_WARN_ABOUT_RETURN_TYPE = YES_ERROR;
				GCC_WARN_UNDECLARED_SELECTOR = YES;
				GCC_WARN_UNINITIALIZED_AUTOS = YES_AGGRESSIVE;
				GCC_WARN_UNUSED_FUNCTION = YES;
				GCC_WARN_UNUSED_VARIABLE = YES;
				IPHONEOS_DEPLOYMENT_TARGET = 12.1;
				MTL_ENABLE_DEBUG_INFO = INCLUDE_SOURCE;
				MTL_FAST_MATH = YES;
				ONLY_ACTIVE_ARCH = YES;
				SDKROOT = iphoneos;
				SWIFT_ACTIVE_COMPILATION_CONDITIONS = DEBUG;
				SWIFT_OPTIMIZATION_LEVEL = "-Onone";
			};
			name = Debug;
		};
		7A9812D321BE456F00385121 /* Release */ = {
			isa = XCBuildConfiguration;
			buildSettings = {
				ALWAYS_SEARCH_USER_PATHS = NO;
				CLANG_ANALYZER_NONNULL = YES;
				CLANG_ANALYZER_NUMBER_OBJECT_CONVERSION = YES_AGGRESSIVE;
				CLANG_CXX_LANGUAGE_STANDARD = "gnu++14";
				CLANG_CXX_LIBRARY = "libc++";
				CLANG_ENABLE_MODULES = YES;
				CLANG_ENABLE_OBJC_ARC = YES;
				CLANG_ENABLE_OBJC_WEAK = YES;
				CLANG_WARN_BLOCK_CAPTURE_AUTORELEASING = YES;
				CLANG_WARN_BOOL_CONVERSION = YES;
				CLANG_WARN_COMMA = YES;
				CLANG_WARN_CONSTANT_CONVERSION = YES;
				CLANG_WARN_DEPRECATED_OBJC_IMPLEMENTATIONS = YES;
				CLANG_WARN_DIRECT_OBJC_ISA_USAGE = YES_ERROR;
				CLANG_WARN_DOCUMENTATION_COMMENTS = YES;
				CLANG_WARN_EMPTY_BODY = YES;
				CLANG_WARN_ENUM_CONVERSION = YES;
				CLANG_WARN_INFINITE_RECURSION = YES;
				CLANG_WARN_INT_CONVERSION = YES;
				CLANG_WARN_NON_LITERAL_NULL_CONVERSION = YES;
				CLANG_WARN_OBJC_IMPLICIT_RETAIN_SELF = YES;
				CLANG_WARN_OBJC_LITERAL_CONVERSION = YES;
				CLANG_WARN_OBJC_ROOT_CLASS = YES_ERROR;
				CLANG_WARN_RANGE_LOOP_ANALYSIS = YES;
				CLANG_WARN_STRICT_PROTOTYPES = YES;
				CLANG_WARN_SUSPICIOUS_MOVE = YES;
				CLANG_WARN_UNGUARDED_AVAILABILITY = YES_AGGRESSIVE;
				CLANG_WARN_UNREACHABLE_CODE = YES;
				CLANG_WARN__DUPLICATE_METHOD_MATCH = YES;
				CODE_SIGN_IDENTITY = "iPhone Developer";
				COPY_PHASE_STRIP = NO;
				DEBUG_INFORMATION_FORMAT = "dwarf-with-dsym";
				ENABLE_NS_ASSERTIONS = NO;
				ENABLE_STRICT_OBJC_MSGSEND = YES;
				GCC_C_LANGUAGE_STANDARD = gnu11;
				GCC_NO_COMMON_BLOCKS = YES;
				GCC_WARN_64_TO_32_BIT_CONVERSION = YES;
				GCC_WARN_ABOUT_RETURN_TYPE = YES_ERROR;
				GCC_WARN_UNDECLARED_SELECTOR = YES;
				GCC_WARN_UNINITIALIZED_AUTOS = YES_AGGRESSIVE;
				GCC_WARN_UNUSED_FUNCTION = YES;
				GCC_WARN_UNUSED_VARIABLE = YES;
				IPHONEOS_DEPLOYMENT_TARGET = 12.1;
				MTL_ENABLE_DEBUG_INFO = NO;
				MTL_FAST_MATH = YES;
				SDKROOT = iphoneos;
				SWIFT_COMPILATION_MODE = wholemodule;
				SWIFT_OPTIMIZATION_LEVEL = "-O";
				VALIDATE_PRODUCT = YES;
			};
			name = Release;
		};
		7A9812D521BE456F00385121 /* Debug */ = {
			isa = XCBuildConfiguration;
			baseConfigurationReference = 7EDD7DD9547CDDE0834B3A8A /* Pods-Todoew.debug.xcconfig */;
			buildSettings = {
				ASSETCATALOG_COMPILER_APPICON_NAME = AppIcon;
				CODE_SIGN_STYLE = Automatic;
				INFOPLIST_FILE = Todoew/Info.plist;
				LD_RUNPATH_SEARCH_PATHS = (
					"$(inherited)",
					"@executable_path/Frameworks",
				);
				PRODUCT_BUNDLE_IDENTIFIER = ehsan.com.Todoew;
				PRODUCT_NAME = "$(TARGET_NAME)";
				SWIFT_VERSION = 4.2;
				TARGETED_DEVICE_FAMILY = "1,2";
			};
			name = Debug;
		};
		7A9812D621BE456F00385121 /* Release */ = {
			isa = XCBuildConfiguration;
			baseConfigurationReference = BFB27D781183F967BC38293B /* Pods-Todoew.release.xcconfig */;
			buildSettings = {
				ASSETCATALOG_COMPILER_APPICON_NAME = AppIcon;
				CODE_SIGN_STYLE = Automatic;
				INFOPLIST_FILE = Todoew/Info.plist;
				LD_RUNPATH_SEARCH_PATHS = (
					"$(inherited)",
					"@executable_path/Frameworks",
				);
				PRODUCT_BUNDLE_IDENTIFIER = ehsan.com.Todoew;
				PRODUCT_NAME = "$(TARGET_NAME)";
				SWIFT_VERSION = 4.2;
				TARGETED_DEVICE_FAMILY = "1,2";
			};
			name = Release;
		};
/* End XCBuildConfiguration section */

/* Begin XCConfigurationList section */
		7A9812BD21BE456F00385121 /* Build configuration list for PBXProject "Todoew" */ = {
			isa = XCConfigurationList;
			buildConfigurations = (
				7A9812D221BE456F00385121 /* Debug */,
				7A9812D321BE456F00385121 /* Release */,
			);
			defaultConfigurationIsVisible = 0;
			defaultConfigurationName = Release;
		};
		7A9812D421BE456F00385121 /* Build configuration list for PBXNativeTarget "Todoew" */ = {
			isa = XCConfigurationList;
			buildConfigurations = (
				7A9812D521BE456F00385121 /* Debug */,
				7A9812D621BE456F00385121 /* Release */,
			);
			defaultConfigurationIsVisible = 0;
			defaultConfigurationName = Release;
		};
/* End XCConfigurationList section */
	};
	rootObject = 7A9812BA21BE456F00385121 /* Project object */;
}
